{
  "version": 4,
  "terraform_version": "0.12.24",
  "serial": 83,
  "lineage": "3ea44cd5-3098-3b4e-c7d3-f777bbbc1e32",
  "outputs": {},
  "resources": [
    {
      "mode": "managed",
      "type": "aws_autoscaling_group",
      "name": "lambda",
      "provider": "provider.aws",
      "instances": [
        {
          "schema_version": 0,
          "attributes": {
            "arn": "arn:aws:autoscaling:us-east-1:527372304345:autoScalingGroup:4042caee-ef87-4748-9d03-a1f9667a8102:autoScalingGroupName/tf-lambda-asg",
            "availability_zones": [
              "us-east-1f"
            ],
            "default_cooldown": 300,
            "desired_capacity": 1,
            "enabled_metrics": null,
            "force_delete": false,
            "health_check_grace_period": 300,
            "health_check_type": "EC2",
            "id": "tf-lambda-asg",
            "initial_lifecycle_hook": [],
            "launch_configuration": "terraform-20200409144523095800000002",
            "launch_template": [],
            "load_balancers": [
              "tf-lambda-elb"
            ],
            "max_instance_lifetime": 0,
            "max_size": 1,
            "metrics_granularity": "1Minute",
            "min_elb_capacity": null,
            "min_size": 1,
            "mixed_instances_policy": [],
            "name": "tf-lambda-asg",
            "name_prefix": null,
            "placement_group": "",
            "protect_from_scale_in": false,
            "service_linked_role_arn": "arn:aws:iam::527372304345:role/aws-service-role/autoscaling.amazonaws.com/AWSServiceRoleForAutoScaling",
            "suspended_processes": null,
            "tag": [],
            "tags": null,
            "target_group_arns": [],
            "termination_policies": null,
            "timeouts": null,
            "vpc_zone_identifier": [
              "subnet-ba6feab6"
            ],
            "wait_for_capacity_timeout": "10m",
            "wait_for_elb_capacity": null
          },
          "private": "eyJlMmJmYjczMC1lY2FhLTExZTYtOGY4OC0zNDM2M2JjN2M0YzAiOnsiZGVsZXRlIjo2MDAwMDAwMDAwMDB9fQ==",
          "dependencies": [
            "aws_elb.lambda",
            "aws_launch_configuration.lambda",
            "aws_security_group.lambda"
          ]
        }
      ]
    },
    {
      "mode": "managed",
      "type": "aws_cloudwatch_event_rule",
      "name": "scheduled_lambda_schedule",
      "provider": "provider.aws",
      "instances": [
        {
          "schema_version": 0,
          "attributes": {
            "arn": "arn:aws:events:us-east-1:527372304345:rule/tf-lambda",
            "description": "CloudWatch Events Schedule to trigger Lambda function.",
            "event_pattern": null,
            "id": "tf-lambda",
            "is_enabled": true,
            "name": "tf-lambda",
            "name_prefix": null,
            "role_arn": "",
            "schedule_expression": "rate(5 minutes)",
            "tags": null
          },
          "private": "bnVsbA=="
        }
      ]
    },
    {
      "mode": "managed",
      "type": "aws_cloudwatch_event_target",
      "name": "scheduled_lambda_event_target",
      "provider": "provider.aws",
      "instances": [
        {
          "schema_version": 0,
          "attributes": {
            "arn": "arn:aws:lambda:us-east-1:527372304345:function:tf-lambda",
            "batch_target": [],
            "ecs_target": [],
            "id": "tf-lambda-InvokeLambda",
            "input": "",
            "input_path": "",
            "input_transformer": [],
            "kinesis_target": [],
            "role_arn": "",
            "rule": "tf-lambda",
            "run_command_targets": [],
            "sqs_target": [],
            "target_id": "InvokeLambda"
          },
          "private": "bnVsbA==",
          "dependencies": [
            "aws_cloudwatch_event_rule.scheduled_lambda_schedule",
            "aws_iam_role.lambda-role",
            "aws_lambda_function.scheduled_lambda_function",
            "aws_security_group.lambda"
          ]
        }
      ]
    },
    {
      "mode": "managed",
      "type": "aws_elb",
      "name": "lambda",
      "provider": "provider.aws",
      "instances": [
        {
          "schema_version": 0,
          "attributes": {
            "access_logs": [],
            "arn": "arn:aws:elasticloadbalancing:us-east-1:527372304345:loadbalancer/tf-lambda-elb",
            "availability_zones": [
              "us-east-1f"
            ],
            "connection_draining": false,
            "connection_draining_timeout": 300,
            "cross_zone_load_balancing": true,
            "dns_name": "tf-lambda-elb-720587529.us-east-1.elb.amazonaws.com",
            "health_check": [
              {
                "healthy_threshold": 3,
                "interval": 5,
                "target": "HTTP:80/",
                "timeout": 2,
                "unhealthy_threshold": 3
              }
            ],
            "id": "tf-lambda-elb",
            "idle_timeout": 60,
            "instances": [],
            "internal": false,
            "listener": [
              {
                "instance_port": 80,
                "instance_protocol": "http",
                "lb_port": 80,
                "lb_protocol": "http",
                "ssl_certificate_id": ""
              }
            ],
            "name": "tf-lambda-elb",
            "name_prefix": null,
            "security_groups": [
              "sg-011c8bf2c785ad30e"
            ],
            "source_security_group": "527372304345/terraform-20200409144514993400000001",
            "source_security_group_id": "sg-011c8bf2c785ad30e",
            "subnets": [
              "subnet-ba6feab6"
            ],
            "tags": null,
            "zone_id": "Z35SXDOTRQ7X7K"
          },
          "private": "bnVsbA==",
          "dependencies": [
            "aws_security_group.lambda"
          ]
        }
      ]
    },
    {
      "mode": "managed",
      "type": "aws_iam_instance_profile",
      "name": "lambda-profile",
      "provider": "provider.aws",
      "instances": [
        {
          "schema_version": 0,
          "attributes": {
            "arn": "arn:aws:iam::527372304345:instance-profile/tf-lambda-profile",
            "create_date": "2020-04-09T14:45:15Z",
            "id": "tf-lambda-profile",
            "name": "tf-lambda-profile",
            "name_prefix": null,
            "path": "/",
            "role": "tf-lambda-role",
            "roles": [],
            "unique_id": "AIPAXVSOWX7M5QEN6AGTR"
          },
          "private": "bnVsbA==",
          "dependencies": [
            "aws_iam_role.lambda-role"
          ]
        }
      ]
    },
    {
      "mode": "managed",
      "type": "aws_iam_role",
      "name": "lambda-role",
      "provider": "provider.aws",
      "instances": [
        {
          "schema_version": 0,
          "attributes": {
            "arn": "arn:aws:iam::527372304345:role/tf-lambda-role",
            "assume_role_policy": "{\"Version\":\"2008-10-17\",\"Statement\":[{\"Sid\":\"\",\"Effect\":\"Allow\",\"Principal\":{\"Service\":\"lambda.amazonaws.com\"},\"Action\":\"sts:AssumeRole\"}]}",
            "create_date": "2020-04-09T14:45:14Z",
            "description": "",
            "force_detach_policies": false,
            "id": "tf-lambda-role",
            "max_session_duration": 3600,
            "name": "tf-lambda-role",
            "name_prefix": null,
            "path": "/",
            "permissions_boundary": null,
            "tags": null,
            "unique_id": "AROAXVSOWX7MUAIBTGQZ3"
          },
          "private": "bnVsbA=="
        }
      ]
    },
    {
      "mode": "managed",
      "type": "aws_iam_role_policy",
      "name": "lambda",
      "provider": "provider.aws",
      "instances": [
        {
          "schema_version": 0,
          "attributes": {
            "id": "tf-lambda-role:tf-lambda-policy",
            "name": "tf-lambda-policy",
            "name_prefix": null,
            "policy": "{\n  \"Statement\": [\n   {\n     \"Effect\": \"Allow\",\n     \"Action\": [\n       \"logs:*\"\n     ],\n     \"Resource\": \"arn:aws:logs:*:*:*\"\n   },\n   {\n     \"Effect\": \"Allow\",\n     \"Action\": [\n       \"sns:*\"\n     ],\n     \"Resource\": \"*\"\n   },\n   {\n     \"Effect\": \"Allow\",\n     \"Action\": [\n       \"ec2:*\"\n     ],\n     \"Resource\": \"*\"\n   }\n  ]\n}\n",
            "role": "tf-lambda-role"
          },
          "private": "bnVsbA==",
          "dependencies": [
            "aws_iam_role.lambda-role"
          ]
        }
      ]
    },
    {
      "mode": "managed",
      "type": "aws_lambda_function",
      "name": "scheduled_lambda_function",
      "provider": "provider.aws",
      "instances": [
        {
          "schema_version": 0,
          "attributes": {
            "arn": "arn:aws:lambda:us-east-1:527372304345:function:tf-lambda",
            "dead_letter_config": [],
            "description": "",
            "environment": [],
            "filename": "files/scheduled_lambda.zip",
            "function_name": "tf-lambda",
            "handler": "example.lambda_handler",
            "id": "tf-lambda",
            "invoke_arn": "arn:aws:apigateway:us-east-1:lambda:path/2015-03-31/functions/arn:aws:lambda:us-east-1:527372304345:function:tf-lambda/invocations",
            "kms_key_arn": "",
            "last_modified": "2020-04-09T14:45:24.340+0000",
            "layers": null,
            "memory_size": 128,
            "publish": false,
            "qualified_arn": "arn:aws:lambda:us-east-1:527372304345:function:tf-lambda:$LATEST",
            "reserved_concurrent_executions": -1,
            "role": "arn:aws:iam::527372304345:role/tf-lambda-role",
            "runtime": "python2.7",
            "s3_bucket": null,
            "s3_key": null,
            "s3_object_version": null,
            "source_code_hash": "jUGZZnClXPfNsg98fkBqfaJ2kjqqtYMGD87NHQlnRCo=",
            "source_code_size": 1486,
            "tags": null,
            "timeout": 8,
            "timeouts": null,
            "tracing_config": [
              {
                "mode": "PassThrough"
              }
            ],
            "version": "$LATEST",
            "vpc_config": [
              {
                "security_group_ids": [
                  "sg-011c8bf2c785ad30e"
                ],
                "subnet_ids": [
                  "subnet-ba6feab6"
                ],
                "vpc_id": "vpc-05ff6b60"
              }
            ]
          },
          "private": "eyJlMmJmYjczMC1lY2FhLTExZTYtOGY4OC0zNDM2M2JjN2M0YzAiOnsiY3JlYXRlIjo2MDAwMDAwMDAwMDB9fQ==",
          "dependencies": [
            "aws_iam_role.lambda-role",
            "aws_security_group.lambda"
          ]
        }
      ]
    },
    {
      "mode": "managed",
      "type": "aws_lambda_permission",
      "name": "scheduled_lambda_cloudwatch_permission",
      "provider": "provider.aws",
      "instances": [
        {
          "schema_version": 0,
          "attributes": {
            "action": "lambda:InvokeFunction",
            "event_source_token": null,
            "function_name": "arn:aws:lambda:us-east-1:527372304345:function:tf-lambda",
            "id": "AllowExecutionFromCloudWatch",
            "principal": "events.amazonaws.com",
            "qualifier": "",
            "source_account": null,
            "source_arn": "arn:aws:events:us-east-1:527372304345:rule/tf-lambda",
            "statement_id": "AllowExecutionFromCloudWatch",
            "statement_id_prefix": null
          },
          "private": "bnVsbA==",
          "dependencies": [
            "aws_cloudwatch_event_rule.scheduled_lambda_schedule",
            "aws_iam_role.lambda-role",
            "aws_lambda_function.scheduled_lambda_function",
            "aws_security_group.lambda"
          ]
        }
      ]
    },
    {
      "mode": "managed",
      "type": "aws_launch_configuration",
      "name": "lambda",
      "provider": "provider.aws",
      "instances": [
        {
          "schema_version": 0,
          "attributes": {
            "arn": "arn:aws:autoscaling:us-east-1:527372304345:launchConfiguration:be109141-bdad-4b16-96dd-1629cbd1a07d:launchConfigurationName/terraform-20200409144523095800000002",
            "associate_public_ip_address": false,
            "ebs_block_device": [],
            "ebs_optimized": false,
            "enable_monitoring": true,
            "ephemeral_block_device": [],
            "iam_instance_profile": "",
            "id": "terraform-20200409144523095800000002",
            "image_id": "ami-cb2305a1",
            "instance_type": "t2.micro",
            "key_name": "",
            "name": "terraform-20200409144523095800000002",
            "name_prefix": null,
            "placement_tenancy": null,
            "root_block_device": [],
            "security_groups": [
              "sg-011c8bf2c785ad30e"
            ],
            "spot_price": "",
            "user_data": "75fe650458f7460d20af91202a04ee5672383d2a",
            "user_data_base64": null,
            "vpc_classic_link_id": "",
            "vpc_classic_link_security_groups": null
          },
          "private": "bnVsbA==",
          "dependencies": [
            "aws_security_group.lambda"
          ]
        }
      ]
    },
    {
      "mode": "managed",
      "type": "aws_security_group",
      "name": "lambda",
      "provider": "provider.aws",
      "instances": [
        {
          "schema_version": 1,
          "attributes": {
            "arn": "arn:aws:ec2:us-east-1:527372304345:security-group/sg-011c8bf2c785ad30e",
            "description": "lambda security group.",
            "egress": [
              {
                "cidr_blocks": [
                  "0.0.0.0/0"
                ],
                "description": "",
                "from_port": 0,
                "ipv6_cidr_blocks": [],
                "prefix_list_ids": [],
                "protocol": "-1",
                "security_groups": [],
                "self": false,
                "to_port": 0
              }
            ],
            "id": "sg-011c8bf2c785ad30e",
            "ingress": [
              {
                "cidr_blocks": [
                  "0.0.0.0/0"
                ],
                "description": "",
                "from_port": 22,
                "ipv6_cidr_blocks": [],
                "prefix_list_ids": [],
                "protocol": "tcp",
                "security_groups": [],
                "self": false,
                "to_port": 22
              },
              {
                "cidr_blocks": [
                  "0.0.0.0/0"
                ],
                "description": "",
                "from_port": 80,
                "ipv6_cidr_blocks": [],
                "prefix_list_ids": [],
                "protocol": "tcp",
                "security_groups": [],
                "self": false,
                "to_port": 80
              },
              {
                "cidr_blocks": [],
                "description": "",
                "from_port": 0,
                "ipv6_cidr_blocks": [],
                "prefix_list_ids": [],
                "protocol": "-1",
                "security_groups": [],
                "self": true,
                "to_port": 0
              }
            ],
            "name": "terraform-20200409144514993400000001",
            "name_prefix": null,
            "owner_id": "527372304345",
            "revoke_rules_on_delete": false,
            "tags": null,
            "timeouts": null,
            "vpc_id": "vpc-05ff6b60"
          },
          "private": "eyJlMmJmYjczMC1lY2FhLTExZTYtOGY4OC0zNDM2M2JjN2M0YzAiOnsiY3JlYXRlIjo2MDAwMDAwMDAwMDAsImRlbGV0ZSI6NjAwMDAwMDAwMDAwfSwic2NoZW1hX3ZlcnNpb24iOiIxIn0="
        }
      ]
    },
    {
      "mode": "managed",
      "type": "aws_sns_topic",
      "name": "lambda",
      "provider": "provider.aws",
      "instances": [
        {
          "schema_version": 0,
          "attributes": {
            "application_failure_feedback_role_arn": "",
            "application_success_feedback_role_arn": "",
            "application_success_feedback_sample_rate": 0,
            "arn": "arn:aws:sns:us-east-1:527372304345:tf-lambda",
            "delivery_policy": "",
            "display_name": "",
            "http_failure_feedback_role_arn": "",
            "http_success_feedback_role_arn": "",
            "http_success_feedback_sample_rate": 0,
            "id": "arn:aws:sns:us-east-1:527372304345:tf-lambda",
            "kms_master_key_id": "",
            "lambda_failure_feedback_role_arn": "",
            "lambda_success_feedback_role_arn": "",
            "lambda_success_feedback_sample_rate": 0,
            "name": "tf-lambda",
            "name_prefix": null,
            "policy": "{\"Version\":\"2008-10-17\",\"Id\":\"__default_policy_ID\",\"Statement\":[{\"Sid\":\"__default_statement_ID\",\"Effect\":\"Allow\",\"Principal\":{\"AWS\":\"*\"},\"Action\":[\"SNS:GetTopicAttributes\",\"SNS:SetTopicAttributes\",\"SNS:AddPermission\",\"SNS:RemovePermission\",\"SNS:DeleteTopic\",\"SNS:Subscribe\",\"SNS:ListSubscriptionsByTopic\",\"SNS:Publish\",\"SNS:Receive\"],\"Resource\":\"arn:aws:sns:us-east-1:527372304345:tf-lambda\",\"Condition\":{\"StringEquals\":{\"AWS:SourceOwner\":\"527372304345\"}}}]}",
            "sqs_failure_feedback_role_arn": "",
            "sqs_success_feedback_role_arn": "",
            "sqs_success_feedback_sample_rate": 0,
            "tags": null
          },
          "private": "bnVsbA=="
        }
      ]
    }
  ]
}
