{
  "version": 4,
  "terraform_version": "0.12.24",
  "serial": 42,
  "lineage": "8da8c77d-1566-4cab-64a5-45f830335452",
  "outputs": {},
  "resources": [
    {
      "mode": "data",
      "type": "template_file",
      "name": "user_data_template",
      "provider": "provider.template",
      "instances": [
        {
          "schema_version": 0,
          "attributes": {
            "filename": null,
            "id": "df77f4c17a926c6ec8e89f77b48bfa294e73c480f0ff5e6735f7fdcd9d6fdf8e",
            "rendered": "#!/bin/bash\n\n# Adding SSH key\nmkdir -p /home/ec2-user/.ssh\ncat \u003c\u003cFILE \u003e /home/ec2-user/.ssh/authorized_keys\nssh-rsa AAAAB3NzaC1yc2EAAAADAQABAAABAQCLzU097/7/bCaSv/Dd7/uz+CfmtTzRc1U6IHEKWAxSyBKZSgE9sK9gmfMoUW82BdlO1EVn+NqMrm1M4KKanG+jjH6ITepohEN89cwMIjN9tEogP+pQteSWtNzIui2t/k4ghyziw/xMV0Aj9B4Rv5LE5POYHttdclrvxxZZwWOnw78X/6k0Rc9lO1uZ12EgbBGjq1PQyCGRXIfO6NO7t3KvtzVpq7fpAC+Lar2WR1ytpvqM4x/AU+N2at7meVn9Knd529aiDZqwW7pXqeLQNpklY8HHlkY4Lt1u70IQObhrVdQoGWp5JptVfPpTzgCOEEYLFt3lxLeFNEl6kOgEYAg9 user@host\nFILE\nchown ec2-user.ec2-user /home/ec2-user/.ssh/authorized_keys\nchmod 400 /home/ec2-user/.ssh/authorized_keys\n\n# Installing AWS CLI\nyum install aws-cli -y\n\n# Downloading bootstrap script and starting it\naws s3 cp s3://tf-daniel-jenkins-scripts/bootstrap-scripts/jenkins_bootstrap_script.sh /tmp \u0026\u0026 sh /tmp/jenkins_bootstrap_script.sh\n",
            "template": "#!/bin/bash\n\n# Adding SSH key\nmkdir -p /home/ec2-user/.ssh\ncat \u003c\u003cFILE \u003e /home/ec2-user/.ssh/authorized_keys\nssh-rsa AAAAB3NzaC1yc2EAAAADAQABAAABAQCLzU097/7/bCaSv/Dd7/uz+CfmtTzRc1U6IHEKWAxSyBKZSgE9sK9gmfMoUW82BdlO1EVn+NqMrm1M4KKanG+jjH6ITepohEN89cwMIjN9tEogP+pQteSWtNzIui2t/k4ghyziw/xMV0Aj9B4Rv5LE5POYHttdclrvxxZZwWOnw78X/6k0Rc9lO1uZ12EgbBGjq1PQyCGRXIfO6NO7t3KvtzVpq7fpAC+Lar2WR1ytpvqM4x/AU+N2at7meVn9Knd529aiDZqwW7pXqeLQNpklY8HHlkY4Lt1u70IQObhrVdQoGWp5JptVfPpTzgCOEEYLFt3lxLeFNEl6kOgEYAg9 user@host\nFILE\nchown ec2-user.ec2-user /home/ec2-user/.ssh/authorized_keys\nchmod 400 /home/ec2-user/.ssh/authorized_keys\n\n# Installing AWS CLI\nyum install aws-cli -y\n\n# Downloading bootstrap script and starting it\naws s3 cp s3://${s3_bucket_name}/bootstrap-scripts/jenkins_bootstrap_script.sh /tmp \u0026\u0026 sh /tmp/jenkins_bootstrap_script.sh\n",
            "vars": {
              "s3_bucket_name": "tf-daniel-jenkins-scripts"
            }
          }
        }
      ]
    },
    {
      "mode": "managed",
      "type": "aws_iam_instance_profile",
      "name": "jenkins-profile",
      "provider": "provider.aws",
      "instances": [
        {
          "schema_version": 0,
          "attributes": {
            "arn": "arn:aws:iam::527372304345:instance-profile/tf-jenkins-profile",
            "create_date": "2020-04-08T21:11:04Z",
            "id": "tf-jenkins-profile",
            "name": "tf-jenkins-profile",
            "name_prefix": null,
            "path": "/",
            "role": "tf-jenkin-role",
            "roles": [],
            "unique_id": "AIPAXVSOWX7M32TZV7OJB"
          },
          "private": "bnVsbA==",
          "dependencies": [
            "aws_iam_role.jenkins-role"
          ]
        }
      ]
    },
    {
      "mode": "managed",
      "type": "aws_iam_role",
      "name": "jenkins-role",
      "provider": "provider.aws",
      "instances": [
        {
          "schema_version": 0,
          "attributes": {
            "arn": "arn:aws:iam::527372304345:role/tf-jenkin-role",
            "assume_role_policy": "{\"Version\":\"2008-10-17\",\"Statement\":[{\"Sid\":\"\",\"Effect\":\"Allow\",\"Principal\":{\"Service\":\"ec2.amazonaws.com\"},\"Action\":\"sts:AssumeRole\"}]}",
            "create_date": "2020-04-08T21:11:03Z",
            "description": "",
            "force_detach_policies": false,
            "id": "tf-jenkin-role",
            "max_session_duration": 3600,
            "name": "tf-jenkin-role",
            "name_prefix": null,
            "path": "/",
            "permissions_boundary": null,
            "tags": null,
            "unique_id": "AROAXVSOWX7MXUHGIIZXN"
          },
          "private": "bnVsbA=="
        }
      ]
    },
    {
      "mode": "managed",
      "type": "aws_iam_role_policy",
      "name": "s3-policy",
      "provider": "provider.aws",
      "instances": [
        {
          "schema_version": 0,
          "attributes": {
            "id": "tf-jenkin-role:s3-policy",
            "name": "s3-policy",
            "name_prefix": null,
            "policy": "{\n  \"Statement\": [{\n    \"Effect\": \"Allow\",\n    \"Action\": [\n      \"s3:*\"\n    ],\n    \"Resource\": \"*\"\n  }]\n}\n",
            "role": "tf-jenkin-role"
          },
          "private": "bnVsbA==",
          "dependencies": [
            "aws_iam_role.jenkins-role"
          ]
        }
      ]
    },
    {
      "mode": "managed",
      "type": "aws_instance",
      "name": "jenkins_ec2_instance",
      "provider": "provider.aws",
      "instances": [
        {
          "schema_version": 1,
          "attributes": {
            "ami": "ami-cb2305a1",
            "arn": "arn:aws:ec2:us-east-1:527372304345:instance/i-06ddf9c0dd1f89ec1",
            "associate_public_ip_address": true,
            "availability_zone": "us-east-1f",
            "cpu_core_count": 2,
            "cpu_threads_per_core": 1,
            "credit_specification": [
              {
                "cpu_credits": "standard"
              }
            ],
            "disable_api_termination": false,
            "ebs_block_device": [
              {
                "delete_on_termination": true,
                "device_name": "/dev/xvdcz",
                "encrypted": false,
                "iops": 100,
                "kms_key_id": "",
                "snapshot_id": "",
                "volume_id": "vol-0e684629c083c05c7",
                "volume_size": 22,
                "volume_type": "gp2"
              }
            ],
            "ebs_optimized": false,
            "ephemeral_block_device": [],
            "get_password_data": false,
            "hibernation": false,
            "host_id": null,
            "iam_instance_profile": "tf-jenkins-profile",
            "id": "i-06ddf9c0dd1f89ec1",
            "instance_initiated_shutdown_behavior": null,
            "instance_state": "running",
            "instance_type": "t2.medium",
            "ipv6_address_count": 0,
            "ipv6_addresses": [],
            "key_name": "",
            "metadata_options": [
              {
                "http_endpoint": "enabled",
                "http_put_response_hop_limit": 1,
                "http_tokens": "optional"
              }
            ],
            "monitoring": false,
            "network_interface": [],
            "network_interface_id": null,
            "password_data": "",
            "placement_group": "",
            "primary_network_interface_id": "eni-05c3d97b4e8cc61af",
            "private_dns": "ip-172-31-83-164.ec2.internal",
            "private_ip": "172.31.83.164",
            "public_dns": "ec2-18-232-55-65.compute-1.amazonaws.com",
            "public_ip": "18.232.55.65",
            "root_block_device": [
              {
                "delete_on_termination": true,
                "encrypted": false,
                "iops": 100,
                "kms_key_id": "",
                "volume_id": "vol-00cb98cabd16a278d",
                "volume_size": 8,
                "volume_type": "gp2"
              }
            ],
            "security_groups": [
              "jenkins-sg"
            ],
            "source_dest_check": true,
            "subnet_id": "subnet-ba6feab6",
            "tags": {
              "Name": "jenkins-instance"
            },
            "tenancy": "default",
            "timeouts": null,
            "user_data": "70ba8957cb63717ed296d34d45dfea6f965a2097",
            "user_data_base64": null,
            "volume_tags": {},
            "vpc_security_group_ids": [
              "sg-025ae96b60775e7ff"
            ]
          },
          "private": "eyJlMmJmYjczMC1lY2FhLTExZTYtOGY4OC0zNDM2M2JjN2M0YzAiOnsiY3JlYXRlIjo2MDAwMDAwMDAwMDAsImRlbGV0ZSI6MTIwMDAwMDAwMDAwMCwidXBkYXRlIjo2MDAwMDAwMDAwMDB9LCJzY2hlbWFfdmVyc2lvbiI6IjEifQ==",
          "dependencies": [
            "aws_iam_instance_profile.jenkins-profile",
            "aws_iam_role.jenkins-role",
            "aws_s3_bucket.bootstrap_scripts",
            "aws_s3_bucket_object.jenkins_bootstrap_script",
            "aws_security_group.jenkins-sg"
          ]
        }
      ]
    },
    {
      "mode": "managed",
      "type": "aws_s3_bucket",
      "name": "bootstrap_scripts",
      "provider": "provider.aws",
      "instances": [
        {
          "schema_version": 0,
          "attributes": {
            "acceleration_status": "",
            "acl": "private",
            "arn": "arn:aws:s3:::tf-daniel-jenkins-scripts",
            "bucket": "tf-daniel-jenkins-scripts",
            "bucket_domain_name": "tf-daniel-jenkins-scripts.s3.amazonaws.com",
            "bucket_prefix": null,
            "bucket_regional_domain_name": "tf-daniel-jenkins-scripts.s3.amazonaws.com",
            "cors_rule": [],
            "force_destroy": false,
            "grant": [],
            "hosted_zone_id": "Z3AQBSTGFYJSTF",
            "id": "tf-daniel-jenkins-scripts",
            "lifecycle_rule": [],
            "logging": [],
            "object_lock_configuration": [],
            "policy": null,
            "region": "us-east-1",
            "replication_configuration": [],
            "request_payer": "BucketOwner",
            "server_side_encryption_configuration": [],
            "tags": null,
            "versioning": [
              {
                "enabled": false,
                "mfa_delete": false
              }
            ],
            "website": [],
            "website_domain": null,
            "website_endpoint": null
          },
          "private": "bnVsbA=="
        }
      ]
    },
    {
      "mode": "managed",
      "type": "aws_s3_bucket_object",
      "name": "jenkins_bootstrap_script",
      "provider": "provider.aws",
      "instances": [
        {
          "schema_version": 0,
          "attributes": {
            "acl": "private",
            "bucket": "tf-daniel-jenkins-scripts",
            "cache_control": "",
            "content": null,
            "content_base64": null,
            "content_disposition": "",
            "content_encoding": "",
            "content_language": "",
            "content_type": "binary/octet-stream",
            "etag": "cc1fd3abc063cfdedc8aa7ec49aec876",
            "force_destroy": false,
            "id": "bootstrap-scripts/jenkins_bootstrap_script.sh",
            "key": "bootstrap-scripts/jenkins_bootstrap_script.sh",
            "kms_key_id": null,
            "metadata": null,
            "object_lock_legal_hold_status": "",
            "object_lock_mode": "",
            "object_lock_retain_until_date": "",
            "server_side_encryption": "",
            "source": "files/jenkins_bootstrap_script.sh",
            "storage_class": "STANDARD",
            "tags": null,
            "version_id": "",
            "website_redirect": ""
          },
          "private": "bnVsbA==",
          "dependencies": [
            "aws_s3_bucket.bootstrap_scripts"
          ]
        }
      ]
    },
    {
      "mode": "managed",
      "type": "aws_security_group",
      "name": "jenkins-sg",
      "provider": "provider.aws",
      "instances": [
        {
          "schema_version": 1,
          "attributes": {
            "arn": "arn:aws:ec2:us-east-1:527372304345:security-group/sg-025ae96b60775e7ff",
            "description": "Jenkins security group (W4).",
            "egress": [
              {
                "cidr_blocks": [
                  "0.0.0.0/0"
                ],
                "description": "",
                "from_port": 0,
                "ipv6_cidr_blocks": [],
                "prefix_list_ids": [],
                "protocol": "-1",
                "security_groups": [],
                "self": false,
                "to_port": 0
              }
            ],
            "id": "sg-025ae96b60775e7ff",
            "ingress": [
              {
                "cidr_blocks": [
                  "0.0.0.0/0"
                ],
                "description": "",
                "from_port": 22,
                "ipv6_cidr_blocks": [],
                "prefix_list_ids": [],
                "protocol": "tcp",
                "security_groups": [],
                "self": false,
                "to_port": 22
              },
              {
                "cidr_blocks": [
                  "0.0.0.0/0"
                ],
                "description": "",
                "from_port": 8000,
                "ipv6_cidr_blocks": [],
                "prefix_list_ids": [],
                "protocol": "tcp",
                "security_groups": [],
                "self": false,
                "to_port": 8000
              },
              {
                "cidr_blocks": [],
                "description": "",
                "from_port": 0,
                "ipv6_cidr_blocks": [],
                "prefix_list_ids": [],
                "protocol": "-1",
                "security_groups": [],
                "self": true,
                "to_port": 0
              }
            ],
            "name": "jenkins-sg",
            "name_prefix": null,
            "owner_id": "527372304345",
            "revoke_rules_on_delete": false,
            "tags": null,
            "timeouts": null,
            "vpc_id": "vpc-05ff6b60"
          },
          "private": "eyJlMmJmYjczMC1lY2FhLTExZTYtOGY4OC0zNDM2M2JjN2M0YzAiOnsiY3JlYXRlIjo2MDAwMDAwMDAwMDAsImRlbGV0ZSI6NjAwMDAwMDAwMDAwfSwic2NoZW1hX3ZlcnNpb24iOiIxIn0="
        }
      ]
    }
  ]
}
